
Microsoft Visual Studio Solution File, Format Version 12.00
# Visual Studio 15
VisualStudioVersion = 15.0.28010.2048
MinimumVisualStudioVersion = 10.0.40219.1
Project("{FAE04EC0-301F-11D3-BF4B-00C04F79EFBC}") = "Servidor", "Servidor\Servidor.csproj", "{DF223DC2-B58F-42BF-9048-F728719B0AF8}"
EndProject
Project("{FAE04EC0-301F-11D3-BF4B-00C04F79EFBC}") = "Client", "Client\Client.csproj", "{DC7CDA78-0458-4F75-8F43-7AC48C6EBE34}"
EndProject
Global
	GlobalSection(SolutionConfigurationPlatforms) = preSolution
		Debug|Any CPU = Debug|Any CPU
		Release|Any CPU = Release|Any CPU
	EndGlobalSection
	GlobalSection(ProjectConfigurationPlatforms) = postSolution
		{DF223DC2-B58F-42BF-9048-F728719B0AF8}.Debug|Any CPU.ActiveCfg = Debug|Any CPU
		{DF223DC2-B58F-42BF-9048-F728719B0AF8}.Debug|Any CPU.Build.0 = Debug|Any CPU
		{DF223DC2-B58F-42BF-9048-F728719B0AF8}.Release|Any CPU.ActiveCfg = Release|Any CPU
		{DF223DC2-B58F-42BF-9048-F728719B0AF8}.Release|Any CPU.Build.0 = Release|Any CPU
		{DC7CDA78-0458-4F75-8F43-7AC48C6EBE34}.Debug|Any CPU.ActiveCfg = Debug|Any CPU
		{DC7CDA78-0458-4F75-8F43-7AC48C6EBE34}.Debug|Any CPU.Build.0 = Debug|Any CPU
		{DC7CDA78-0458-4F75-8F43-7AC48C6EBE34}.Release|Any CPU.ActiveCfg = Release|Any CPU
		{DC7CDA78-0458-4F75-8F43-7AC48C6EBE34}.Release|Any CPU.Build.0 = Release|Any CPU
	EndGlobalSection
	GlobalSection(SolutionProperties) = preSolution
		HideSolutionNode = FALSE
	EndGlobalSection
	GlobalSection(ExtensibilityGlobals) = postSolution
		SolutionGuid = {6118244E-24DF-4807-80B4-3DC26F60A5D2}
	EndGlobalSection
EndGlobal
